
Microsoft Visual Studio Solution File, Format Version 9.00
# Visual Studio 2005
Project("{8BC9CEB8-8B4A-11D0-8D11-00A0C91BC942}") = "TwitCon", "TwitCon.vcproj", "{3B61457A-C077-48EE-934D-FC49A4A4764D}"
EndProject
Global
	GlobalSection(SolutionConfigurationPlatforms) = preSolution
		Debug|Win32 = Debug|Win32
		Release|Win32 = Release|Win32
	EndGlobalSection
	GlobalSection(ProjectConfigurationPlatforms) = postSolution
		{3B61457A-C077-48EE-934D-FC49A4A4764D}.Debug|Win32.ActiveCfg = Debug|Win32
		{3B61457A-C077-48EE-934D-FC49A4A4764D}.Debug|Win32.Build.0 = Debug|Win32
		{3B61457A-C077-48EE-934D-FC49A4A4764D}.Release|Win32.ActiveCfg = Release|Win32
		{3B61457A-C077-48EE-934D-FC49A4A4764D}.Release|Win32.Build.0 = Release|Win32
	EndGlobalSection
	GlobalSection(SolutionProperties) = preSolution
		HideSolutionNode = FALSE
	EndGlobalSection
EndGlobal
